Microsoft Visual Studio Solution File, Format Version 12.00
# Visual Studio Version 17
VisualStudioVersion = 17.0.31903.59
MinimumVisualStudioVersion = 10.0.40219.1
Project("{FAE04EC0-301F-11D3-BF4B-00C04F79EFBC}") = "IndustrialMonitor.Web", "src\IndustrialMonitor.Web\IndustrialMonitor.Web.csproj", "{6E5B7A8A-80B7-4E86-980D-5C5E3A08C1A1}"
EndProject
Project("{FAE04EC0-301F-11D3-BF4B-00C04F79EFBC}") = "IndustrialMonitor.BridgeService", "src\IndustrialMonitor.BridgeService\IndustrialMonitor.BridgeService.csproj", "{B19E1B42-2D9A-42BE-9F72-6D66BF6D4542}"
EndProject
Project("{FAE04EC0-301F-11D3-BF4B-00C04F79EFBC}") = "IndustrialMonitor.Core", "src\IndustrialMonitor.Core\IndustrialMonitor.Core.csproj", "{2C76B5A9-8B4D-46DA-8BE7-3F4F3BE0E8D1}"
EndProject
Project("{FAE04EC0-301F-11D3-BF4B-00C04F79EFBC}") = "IndustrialMonitor.Infrastructure", "src\IndustrialMonitor.Infrastructure\IndustrialMonitor.Infrastructure.csproj", "{F6BA68E8-1F76-4DD4-BB6D-4E8E1FA0B7F4}"
EndProject
Global
	GlobalSection(SolutionConfigurationPlatforms) = preSolution
		Debug|Any CPU = Debug|Any CPU
		Release|Any CPU = Release|Any CPU
	EndGlobalSection
	GlobalSection(ProjectConfigurationPlatforms) = postSolution
		{6E5B7A8A-80B7-4E86-980D-5C5E3A08C1A1}.Debug|Any CPU.ActiveCfg = Debug|Any CPU
		{6E5B7A8A-80B7-4E86-980D-5C5E3A08C1A1}.Debug|Any CPU.Build.0 = Debug|Any CPU
		{6E5B7A8A-80B7-4E86-980D-5C5E3A08C1A1}.Release|Any CPU.ActiveCfg = Release|Any CPU
		{6E5B7A8A-80B7-4E86-980D-5C5E3A08C1A1}.Release|Any CPU.Build.0 = Release|Any CPU
		{B19E1B42-2D9A-42BE-9F72-6D66BF6D4542}.Debug|Any CPU.ActiveCfg = Debug|Any CPU
		{B19E1B42-2D9A-42BE-9F72-6D66BF6D4542}.Debug|Any CPU.Build.0 = Debug|Any CPU
		{B19E1B42-2D9A-42BE-9F72-6D66BF6D4542}.Release|Any CPU.ActiveCfg = Release|Any CPU
		{B19E1B42-2D9A-42BE-9F72-6D66BF6D4542}.Release|Any CPU.Build.0 = Release|Any CPU
		{2C76B5A9-8B4D-46DA-8BE7-3F4F3BE0E8D1}.Debug|Any CPU.ActiveCfg = Debug|Any CPU
		{2C76B5A9-8B4D-46DA-8BE7-3F4F3BE0E8D1}.Debug|Any CPU.Build.0 = Debug|Any CPU
		{2C76B5A9-8B4D-46DA-8BE7-3F4F3BE0E8D1}.Release|Any CPU.ActiveCfg = Release|Any CPU
		{2C76B5A9-8B4D-46DA-8BE7-3F4F3BE0E8D1}.Release|Any CPU.Build.0 = Release|Any CPU
		{F6BA68E8-1F76-4DD4-BB6D-4E8E1FA0B7F4}.Debug|Any CPU.ActiveCfg = Debug|Any CPU
		{F6BA68E8-1F76-4DD4-BB6D-4E8E1FA0B7F4}.Debug|Any CPU.Build.0 = Debug|Any CPU
		{F6BA68E8-1F76-4DD4-BB6D-4E8E1FA0B7F4}.Release|Any CPU.ActiveCfg = Release|Any CPU
		{F6BA68E8-1F76-4DD4-BB6D-4E8E1FA0B7F4}.Release|Any CPU.Build.0 = Release|Any CPU
	EndGlobalSection
	GlobalSection(SolutionProperties) = preSolution
		HideSolutionNode = FALSE
	EndGlobalSection
EndGlobal
